
Microsoft Visual Studio Solution File, Format Version 12.00
# Visual Studio 15
VisualStudioVersion = 15.0.28307.757
MinimumVisualStudioVersion = 10.0.40219.1
Project("{FAE04EC0-301F-11D3-BF4B-00C04F79EFBC}") = "BookMnagement.Android", "BookMnagement\BookMnagement.Android\BookMnagement.Android.csproj", "{8CDAA2EC-B020-4616-88F8-C5D4D961A28B}"
EndProject
Project("{FAE04EC0-301F-11D3-BF4B-00C04F79EFBC}") = "BookMnagement.iOS", "BookMnagement\BookMnagement.iOS\BookMnagement.iOS.csproj", "{43060D01-BE2F-49DC-ACCD-39CFDFB0B89D}"
EndProject
Project("{9A19103F-16F7-4668-BE54-9A1E7A4F7556}") = "BookMnagement", "BookMnagement\BookMnagement\BookMnagement.csproj", "{69B4ECC1-C4CD-40EE-9594-3C8F29C21A56}"
EndProject
Global
	GlobalSection(SolutionConfigurationPlatforms) = preSolution
		Debug|Any CPU = Debug|Any CPU
		Debug|iPhone = Debug|iPhone
		Debug|iPhoneSimulator = Debug|iPhoneSimulator
		Release|Any CPU = Release|Any CPU
		Release|iPhone = Release|iPhone
		Release|iPhoneSimulator = Release|iPhoneSimulator
	EndGlobalSection
	GlobalSection(ProjectConfigurationPlatforms) = postSolution
		{8CDAA2EC-B020-4616-88F8-C5D4D961A28B}.Debug|Any CPU.ActiveCfg = Debug|Any CPU
		{8CDAA2EC-B020-4616-88F8-C5D4D961A28B}.Debug|Any CPU.Build.0 = Debug|Any CPU
		{8CDAA2EC-B020-4616-88F8-C5D4D961A28B}.Debug|Any CPU.Deploy.0 = Debug|Any CPU
		{8CDAA2EC-B020-4616-88F8-C5D4D961A28B}.Debug|iPhone.ActiveCfg = Debug|Any CPU
		{8CDAA2EC-B020-4616-88F8-C5D4D961A28B}.Debug|iPhone.Build.0 = Debug|Any CPU
		{8CDAA2EC-B020-4616-88F8-C5D4D961A28B}.Debug|iPhone.Deploy.0 = Debug|Any CPU
		{8CDAA2EC-B020-4616-88F8-C5D4D961A28B}.Debug|iPhoneSimulator.ActiveCfg = Debug|Any CPU
		{8CDAA2EC-B020-4616-88F8-C5D4D961A28B}.Debug|iPhoneSimulator.Build.0 = Debug|Any CPU
		{8CDAA2EC-B020-4616-88F8-C5D4D961A28B}.Debug|iPhoneSimulator.Deploy.0 = Debug|Any CPU
		{8CDAA2EC-B020-4616-88F8-C5D4D961A28B}.Release|Any CPU.ActiveCfg = Release|Any CPU
		{8CDAA2EC-B020-4616-88F8-C5D4D961A28B}.Release|Any CPU.Build.0 = Release|Any CPU
		{8CDAA2EC-B020-4616-88F8-C5D4D961A28B}.Release|Any CPU.Deploy.0 = Release|Any CPU
		{8CDAA2EC-B020-4616-88F8-C5D4D961A28B}.Release|iPhone.ActiveCfg = Release|Any CPU
		{8CDAA2EC-B020-4616-88F8-C5D4D961A28B}.Release|iPhone.Build.0 = Release|Any CPU
		{8CDAA2EC-B020-4616-88F8-C5D4D961A28B}.Release|iPhone.Deploy.0 = Release|Any CPU
		{8CDAA2EC-B020-4616-88F8-C5D4D961A28B}.Release|iPhoneSimulator.ActiveCfg = Release|Any CPU
		{8CDAA2EC-B020-4616-88F8-C5D4D961A28B}.Release|iPhoneSimulator.Build.0 = Release|Any CPU
		{8CDAA2EC-B020-4616-88F8-C5D4D961A28B}.Release|iPhoneSimulator.Deploy.0 = Release|Any CPU
		{43060D01-BE2F-49DC-ACCD-39CFDFB0B89D}.Debug|Any CPU.ActiveCfg = Debug|iPhoneSimulator
		{43060D01-BE2F-49DC-ACCD-39CFDFB0B89D}.Debug|Any CPU.Deploy.0 = Debug|iPhoneSimulator
		{43060D01-BE2F-49DC-ACCD-39CFDFB0B89D}.Debug|iPhone.ActiveCfg = Debug|iPhone
		{43060D01-BE2F-49DC-ACCD-39CFDFB0B89D}.Debug|iPhone.Build.0 = Debug|iPhone
		{43060D01-BE2F-49DC-ACCD-39CFDFB0B89D}.Debug|iPhone.Deploy.0 = Debug|iPhone
		{43060D01-BE2F-49DC-ACCD-39CFDFB0B89D}.Debug|iPhoneSimulator.ActiveCfg = Debug|iPhoneSimulator
		{43060D01-BE2F-49DC-ACCD-39CFDFB0B89D}.Debug|iPhoneSimulator.Build.0 = Debug|iPhoneSimulator
		{43060D01-BE2F-49DC-ACCD-39CFDFB0B89D}.Debug|iPhoneSimulator.Deploy.0 = Debug|iPhoneSimulator
		{43060D01-BE2F-49DC-ACCD-39CFDFB0B89D}.Release|Any CPU.ActiveCfg = Release|iPhone
		{43060D01-BE2F-49DC-ACCD-39CFDFB0B89D}.Release|Any CPU.Build.0 = Release|iPhone
		{43060D01-BE2F-49DC-ACCD-39CFDFB0B89D}.Release|Any CPU.Deploy.0 = Release|iPhone
		{43060D01-BE2F-49DC-ACCD-39CFDFB0B89D}.Release|iPhone.ActiveCfg = Release|iPhone
		{43060D01-BE2F-49DC-ACCD-39CFDFB0B89D}.Release|iPhone.Build.0 = Release|iPhone
		{43060D01-BE2F-49DC-ACCD-39CFDFB0B89D}.Release|iPhone.Deploy.0 = Release|iPhone
		{43060D01-BE2F-49DC-ACCD-39CFDFB0B89D}.Release|iPhoneSimulator.ActiveCfg = Release|iPhoneSimulator
		{43060D01-BE2F-49DC-ACCD-39CFDFB0B89D}.Release|iPhoneSimulator.Build.0 = Release|iPhoneSimulator
		{43060D01-BE2F-49DC-ACCD-39CFDFB0B89D}.Release|iPhoneSimulator.Deploy.0 = Release|iPhoneSimulator
		{69B4ECC1-C4CD-40EE-9594-3C8F29C21A56}.Debug|Any CPU.ActiveCfg = Debug|Any CPU
		{69B4ECC1-C4CD-40EE-9594-3C8F29C21A56}.Debug|Any CPU.Build.0 = Debug|Any CPU
		{69B4ECC1-C4CD-40EE-9594-3C8F29C21A56}.Debug|Any CPU.Deploy.0 = Debug|Any CPU
		{69B4ECC1-C4CD-40EE-9594-3C8F29C21A56}.Debug|iPhone.ActiveCfg = Debug|Any CPU
		{69B4ECC1-C4CD-40EE-9594-3C8F29C21A56}.Debug|iPhone.Build.0 = Debug|Any CPU
		{69B4ECC1-C4CD-40EE-9594-3C8F29C21A56}.Debug|iPhone.Deploy.0 = Debug|Any CPU
		{69B4ECC1-C4CD-40EE-9594-3C8F29C21A56}.Debug|iPhoneSimulator.ActiveCfg = Debug|Any CPU
		{69B4ECC1-C4CD-40EE-9594-3C8F29C21A56}.Debug|iPhoneSimulator.Build.0 = Debug|Any CPU
		{69B4ECC1-C4CD-40EE-9594-3C8F29C21A56}.Debug|iPhoneSimulator.Deploy.0 = Debug|Any CPU
		{69B4ECC1-C4CD-40EE-9594-3C8F29C21A56}.Release|Any CPU.ActiveCfg = Release|Any CPU
		{69B4ECC1-C4CD-40EE-9594-3C8F29C21A56}.Release|Any CPU.Build.0 = Release|Any CPU
		{69B4ECC1-C4CD-40EE-9594-3C8F29C21A56}.Release|Any CPU.Deploy.0 = Release|Any CPU
		{69B4ECC1-C4CD-40EE-9594-3C8F29C21A56}.Release|iPhone.ActiveCfg = Release|Any CPU
		{69B4ECC1-C4CD-40EE-9594-3C8F29C21A56}.Release|iPhone.Build.0 = Release|Any CPU
		{69B4ECC1-C4CD-40EE-9594-3C8F29C21A56}.Release|iPhone.Deploy.0 = Release|Any CPU
		{69B4ECC1-C4CD-40EE-9594-3C8F29C21A56}.Release|iPhoneSimulator.ActiveCfg = Release|Any CPU
		{69B4ECC1-C4CD-40EE-9594-3C8F29C21A56}.Release|iPhoneSimulator.Build.0 = Release|Any CPU
		{69B4ECC1-C4CD-40EE-9594-3C8F29C21A56}.Release|iPhoneSimulator.Deploy.0 = Release|Any CPU
	EndGlobalSection
	GlobalSection(SolutionProperties) = preSolution
		HideSolutionNode = FALSE
	EndGlobalSection
	GlobalSection(ExtensibilityGlobals) = postSolution
		SolutionGuid = {E04B45C4-4583-4C95-94B6-12B991152891}
	EndGlobalSection
EndGlobal
